
Microsoft Visual Studio Solution File, Format Version 12.00
# Visual Studio Version 17
VisualStudioVersion = 17.9.34728.123
MinimumVisualStudioVersion = 10.0.40219.1
Project("{9A19103F-16F7-4668-BE54-9A1E7A4F7556}") = "NetworkMonitoring.UI", "NetworkMonitoring\NetworkMonitoring.UI.csproj", "{CECCB356-6B72-4742-AEC6-9161576AE30F}"
EndProject
Project("{9A19103F-16F7-4668-BE54-9A1E7A4F7556}") = "NetworkMonitoring.Domain", "NetworkMonitoring.Domain\NetworkMonitoring.Domain.csproj", "{B4DC8E43-7237-457A-9091-36A4AD18DE9B}"
EndProject
Project("{9A19103F-16F7-4668-BE54-9A1E7A4F7556}") = "NetworkMonitoring.Database", "NetworkMonitoring.Database\NetworkMonitoring.Database.csproj", "{550FB8C1-0320-4AA0-A03E-96D52243DBF0}"
EndProject
Project("{9A19103F-16F7-4668-BE54-9A1E7A4F7556}") = "NetworkMonitoring.Application", "NetworkMonitoring.Application\NetworkMonitoring.Application.csproj", "{E8F98371-CE72-435D-9447-EB01DB60EEC3}"
EndProject
Global
	GlobalSection(SolutionConfigurationPlatforms) = preSolution
		Debug|Any CPU = Debug|Any CPU
		Release|Any CPU = Release|Any CPU
	EndGlobalSection
	GlobalSection(ProjectConfigurationPlatforms) = postSolution
		{CECCB356-6B72-4742-AEC6-9161576AE30F}.Debug|Any CPU.ActiveCfg = Debug|Any CPU
		{CECCB356-6B72-4742-AEC6-9161576AE30F}.Debug|Any CPU.Build.0 = Debug|Any CPU
		{CECCB356-6B72-4742-AEC6-9161576AE30F}.Release|Any CPU.ActiveCfg = Release|Any CPU
		{CECCB356-6B72-4742-AEC6-9161576AE30F}.Release|Any CPU.Build.0 = Release|Any CPU
		{B4DC8E43-7237-457A-9091-36A4AD18DE9B}.Debug|Any CPU.ActiveCfg = Debug|Any CPU
		{B4DC8E43-7237-457A-9091-36A4AD18DE9B}.Debug|Any CPU.Build.0 = Debug|Any CPU
		{B4DC8E43-7237-457A-9091-36A4AD18DE9B}.Release|Any CPU.ActiveCfg = Release|Any CPU
		{B4DC8E43-7237-457A-9091-36A4AD18DE9B}.Release|Any CPU.Build.0 = Release|Any CPU
		{550FB8C1-0320-4AA0-A03E-96D52243DBF0}.Debug|Any CPU.ActiveCfg = Debug|Any CPU
		{550FB8C1-0320-4AA0-A03E-96D52243DBF0}.Debug|Any CPU.Build.0 = Debug|Any CPU
		{550FB8C1-0320-4AA0-A03E-96D52243DBF0}.Release|Any CPU.ActiveCfg = Release|Any CPU
		{550FB8C1-0320-4AA0-A03E-96D52243DBF0}.Release|Any CPU.Build.0 = Release|Any CPU
		{E8F98371-CE72-435D-9447-EB01DB60EEC3}.Debug|Any CPU.ActiveCfg = Debug|Any CPU
		{E8F98371-CE72-435D-9447-EB01DB60EEC3}.Debug|Any CPU.Build.0 = Debug|Any CPU
		{E8F98371-CE72-435D-9447-EB01DB60EEC3}.Release|Any CPU.ActiveCfg = Release|Any CPU
		{E8F98371-CE72-435D-9447-EB01DB60EEC3}.Release|Any CPU.Build.0 = Release|Any CPU
	EndGlobalSection
	GlobalSection(SolutionProperties) = preSolution
		HideSolutionNode = FALSE
	EndGlobalSection
	GlobalSection(ExtensibilityGlobals) = postSolution
		SolutionGuid = {169E9734-027F-4872-99F2-8423B09531C0}
	EndGlobalSection
EndGlobal
